# This file was autogenerated by Stack.
# You should not edit this file by hand.
# For more information, please see the documentation at:
#   https://docs.haskellstack.org/en/stable/lock_files

packages: []
snapshots:
- completed:
    size: 567260
    url: https://raw.githubusercontent.com/commercialhaskell/stackage-snapshots/master/nightly/2021/7/23.yaml
    sha256: 94c5e73c2221ce53348504de8916c960a78a97bdc6ff0921200a42773694bd7c
  original: nightly-2021-07-23
